{
  "version": 4,
  "terraform_version": "1.13.4",
  "serial": 84,
  "lineage": "3554ce15-556e-ddfc-a5a1-f3bd33d63a2f",
  "outputs": {
    "vm_id": {
      "value": "fhm864d8l27c2mfc801k",
      "type": "string"
    },
    "vm_public_ip": {
      "value": "51.250.72.140",
      "type": "string"
    },
    "zone_id": {
      "value": "dns5tsjut45kdaorsca7",
      "type": "string"
    }
  },
  "resources": [
    {
      "mode": "data",
      "type": "yandex_compute_image",
      "name": "ubuntu",
      "provider": "provider[\"registry.terraform.io/yandex-cloud/yandex\"]",
      "instances": [
        {
          "schema_version": 0,
          "attributes": {
            "created_at": "2025-11-10T11:07:46Z",
            "description": "Ubuntu 22.04 lts v20251031030637",
            "family": "ubuntu-2204-lts",
            "folder_id": "standard-images",
            "hardware_generation": [
              {
                "generation2_features": [],
                "legacy_features": [
                  {
                    "pci_topology": "PCI_TOPOLOGY_V2"
                  }
                ]
              }
            ],
            "id": "fd8j1v2gspupk43encvq",
            "image_id": "fd8j1v2gspupk43encvq",
            "kms_key_id": null,
            "labels": {
              "version": "20251031030637"
            },
            "min_disk_size": 8,
            "name": "ubuntu-22-04-lts-v20251110",
            "os_type": "linux",
            "pooled": true,
            "product_ids": [
              "f2e556s4u83d0thggq8g"
            ],
            "size": 2,
            "status": "ready"
          },
          "sensitive_attributes": [],
          "identity_schema_version": 0
        }
      ]
    },
    {
      "mode": "managed",
      "type": "yandex_compute_instance",
      "name": "web",
      "provider": "provider[\"registry.terraform.io/yandex-cloud/yandex\"]",
      "instances": [
        {
          "schema_version": 1,
          "attributes": {
            "allow_recreate": null,
            "allow_stopping_for_update": true,
            "boot_disk": [
              {
                "auto_delete": true,
                "device_name": "fhmkm6otbed1f0gp9e2a",
                "disk_id": "fhmkm6otbed1f0gp9e2a",
                "initialize_params": [
                  {
                    "block_size": 4096,
                    "description": "",
                    "image_id": "fd8j1v2gspupk43encvq",
                    "kms_key_id": "",
                    "name": "",
                    "size": 10,
                    "snapshot_id": "",
                    "type": "network-hdd"
                  }
                ],
                "mode": "READ_WRITE"
              }
            ],
            "created_at": "2025-11-12T16:17:09Z",
            "description": "",
            "filesystem": [],
            "folder_id": "b1gc0orjmvsvg8sj3685",
            "fqdn": "fhm864d8l27c2mfc801k.auto.internal",
            "gpu_cluster_id": "",
            "hardware_generation": [
              {
                "generation2_features": [],
                "legacy_features": [
                  {
                    "pci_topology": "PCI_TOPOLOGY_V2"
                  }
                ]
              }
            ],
            "hostname": "",
            "id": "fhm864d8l27c2mfc801k",
            "labels": null,
            "local_disk": [],
            "maintenance_grace_period": "",
            "maintenance_policy": null,
            "metadata": {
              "ssh-keys": "ubuntu:ssh-rsa AAAAB3NzaC1yc2EAAAADAQABAAACAQCycpVB1Stqdfi8lewp3EYu2pMa8uT27HMnDhWfNL0hq0DMoZlT61ULaSa3+83UNPVkMQk1LugvnT5Tb9Ajs1gboPxa0GSrQ4Dh/kKWJCL2p+O+v+7g8RwxC0S08uQ/B2y9NcHLWLy0JellAbtvy6FQeMv3w5KlV0nKgQek884JyJeYUzF0h8aJ1RjJpoepqJEzIeJnB6899ghpesfJxL9BC0Fiy0sK3mJhFjxDlvNWiewKxpGhW8zGbU1dcrgk7nJ5ecCyEnaaDOESl/nOHNQynu1MPl42UF6f1o/Xmo9D/Urw5TofE86LYxRZoPlToLZP/EWC9LDzk1zeeY9zkgRvTfSRV3yj+aWscspGyjPRDTeAlG8hv154eoFRrkw8FSKGjW3vzfAWZt9+lbN5hATPZwpJKKKx3zTTFLkZsWbIFLgdeU0TZZHe8yxFdxos4cpuruD2JYRJoL1jvqNqzO0lNVuGS+t5By+1MAtMBsHFQ2w8ee5PaYQyxOnJiYz7UVzYdBE4erhhKthP4M+rVi/poQvhGb3ODQy9AVTd1W3BdhFexm1GlNO6mLjIkJ01rmvzQ3hLA64g6zV6oHwHpM/jfvNc87JiyyrZACC+dvJjsdWjsh8PSihyr39HEGAhyhg+u4XfrL0/gsOQQ455PG/6NfhvIghp2O72gA0MJAB1KQ== dmzumail@gmail.com\n",
              "user-data": "#cloud-config\npackages:\n  - nginx\nruncmd:\n  - echo '\u003ch1\u003eHello from Yandex Cloud!\u003c/h1\u003e' \u003e /var/www/html/index.html"
            },
            "metadata_options": [
              {
                "aws_v1_http_endpoint": 1,
                "aws_v1_http_token": 2,
                "gce_http_endpoint": 1,
                "gce_http_token": 1
              }
            ],
            "name": "vm-nproject-site",
            "network_acceleration_type": "standard",
            "network_interface": [
              {
                "dns_record": [],
                "index": 0,
                "ip_address": "192.168.10.23",
                "ipv4": true,
                "ipv6": false,
                "ipv6_address": "",
                "ipv6_dns_record": [],
                "mac_address": "d0:0d:83:11:a8:a8",
                "nat": true,
                "nat_dns_record": [],
                "nat_ip_address": "51.250.72.140",
                "nat_ip_version": "IPV4",
                "security_group_ids": null,
                "subnet_id": "e9blm5iov6rlklg0vb2c"
              }
            ],
            "placement_policy": [
              {
                "host_affinity_rules": [],
                "placement_group_id": "",
                "placement_group_partition": 0
              }
            ],
            "platform_id": "standard-v1",
            "resources": [
              {
                "core_fraction": 100,
                "cores": 2,
                "gpus": 0,
                "memory": 2
              }
            ],
            "scheduling_policy": [
              {
                "preemptible": false
              }
            ],
            "secondary_disk": [],
            "service_account_id": "",
            "status": "running",
            "timeouts": null,
            "zone": "ru-central1-a"
          },
          "sensitive_attributes": [],
          "identity_schema_version": 0,
          "private": "eyJlMmJmYjczMC1lY2FhLTExZTYtOGY4OC0zNDM2M2JjN2M0YzAiOnsiY3JlYXRlIjozMDAwMDAwMDAwMDAsImRlbGV0ZSI6MzAwMDAwMDAwMDAwLCJ1cGRhdGUiOjMwMDAwMDAwMDAwMH0sInNjaGVtYV92ZXJzaW9uIjoiMSJ9",
          "dependencies": [
            "data.yandex_compute_image.ubuntu",
            "yandex_vpc_network.default",
            "yandex_vpc_subnet.default"
          ]
        }
      ]
    },
    {
      "mode": "managed",
      "type": "yandex_dns_recordset",
      "name": "site",
      "provider": "provider[\"registry.terraform.io/yandex-cloud/yandex\"]",
      "instances": [
        {
          "schema_version": 0,
          "attributes": {
            "data": [
              "51.250.72.140"
            ],
            "id": "dns5tsjut45kdaorsca7/nproject.site./A",
            "name": "nproject.site.",
            "timeouts": null,
            "ttl": 300,
            "type": "A",
            "zone_id": "dns5tsjut45kdaorsca7"
          },
          "sensitive_attributes": [],
          "identity_schema_version": 0,
          "private": "eyJlMmJmYjczMC1lY2FhLTExZTYtOGY4OC0zNDM2M2JjN2M0YzAiOnsiY3JlYXRlIjozMDAwMDAwMDAwMDAsImRlbGV0ZSI6MzAwMDAwMDAwMDAwLCJ1cGRhdGUiOjMwMDAwMDAwMDAwMH19",
          "dependencies": [
            "data.yandex_compute_image.ubuntu",
            "yandex_compute_instance.web",
            "yandex_dns_zone.public",
            "yandex_vpc_network.default",
            "yandex_vpc_subnet.default"
          ]
        }
      ]
    },
    {
      "mode": "managed",
      "type": "yandex_dns_recordset",
      "name": "www",
      "provider": "provider[\"registry.terraform.io/yandex-cloud/yandex\"]",
      "instances": [
        {
          "schema_version": 0,
          "attributes": {
            "data": [
              "51.250.72.140"
            ],
            "id": "dns5tsjut45kdaorsca7/www.nproject.site./A",
            "name": "www.nproject.site.",
            "timeouts": null,
            "ttl": 300,
            "type": "A",
            "zone_id": "dns5tsjut45kdaorsca7"
          },
          "sensitive_attributes": [],
          "identity_schema_version": 0,
          "private": "eyJlMmJmYjczMC1lY2FhLTExZTYtOGY4OC0zNDM2M2JjN2M0YzAiOnsiY3JlYXRlIjozMDAwMDAwMDAwMDAsImRlbGV0ZSI6MzAwMDAwMDAwMDAwLCJ1cGRhdGUiOjMwMDAwMDAwMDAwMH19",
          "dependencies": [
            "data.yandex_compute_image.ubuntu",
            "yandex_compute_instance.web",
            "yandex_dns_zone.public",
            "yandex_vpc_network.default",
            "yandex_vpc_subnet.default"
          ]
        }
      ]
    },
    {
      "mode": "managed",
      "type": "yandex_dns_zone",
      "name": "public",
      "provider": "provider[\"registry.terraform.io/yandex-cloud/yandex\"]",
      "instances": [
        {
          "schema_version": 0,
          "attributes": {
            "created_at": "2025-11-12T16:17:08Z",
            "deletion_protection": false,
            "description": "Public DNS zone for nproject.site",
            "folder_id": "b1gc0orjmvsvg8sj3685",
            "id": "dns5tsjut45kdaorsca7",
            "labels": null,
            "name": "zone-nproject-site",
            "private_networks": [],
            "public": true,
            "timeouts": null,
            "zone": "nproject.site."
          },
          "sensitive_attributes": [],
          "identity_schema_version": 0,
          "private": "eyJlMmJmYjczMC1lY2FhLTExZTYtOGY4OC0zNDM2M2JjN2M0YzAiOnsiY3JlYXRlIjozMDAwMDAwMDAwMDAsImRlbGV0ZSI6MzAwMDAwMDAwMDAwLCJ1cGRhdGUiOjMwMDAwMDAwMDAwMH19"
        }
      ]
    },
    {
      "mode": "managed",
      "type": "yandex_vpc_network",
      "name": "default",
      "provider": "provider[\"registry.terraform.io/yandex-cloud/yandex\"]",
      "instances": [
        {
          "schema_version": 0,
          "attributes": {
            "created_at": "2025-11-12T16:00:27Z",
            "default_security_group_id": "enp5lkdrehju2evm2mug",
            "description": "",
            "folder_id": "b1gc0orjmvsvg8sj3685",
            "id": "enpicpp0msb10kvcmedg",
            "labels": {},
            "name": "net-nproject-site",
            "subnet_ids": [],
            "timeouts": null
          },
          "sensitive_attributes": [],
          "identity_schema_version": 0,
          "private": "eyJlMmJmYjczMC1lY2FhLTExZTYtOGY4OC0zNDM2M2JjN2M0YzAiOnsiY3JlYXRlIjo2MDAwMDAwMDAwMCwiZGVsZXRlIjo2MDAwMDAwMDAwMCwidXBkYXRlIjo2MDAwMDAwMDAwMH19"
        }
      ]
    },
    {
      "mode": "managed",
      "type": "yandex_vpc_subnet",
      "name": "default",
      "provider": "provider[\"registry.terraform.io/yandex-cloud/yandex\"]",
      "instances": [
        {
          "schema_version": 0,
          "attributes": {
            "created_at": "2025-11-12T16:17:08Z",
            "description": "",
            "dhcp_options": [],
            "folder_id": "b1gc0orjmvsvg8sj3685",
            "id": "e9blm5iov6rlklg0vb2c",
            "labels": {},
            "name": "subnet-nproject-site",
            "network_id": "enpicpp0msb10kvcmedg",
            "route_table_id": "",
            "timeouts": null,
            "v4_cidr_blocks": [
              "192.168.10.0/24"
            ],
            "v6_cidr_blocks": [],
            "zone": "ru-central1-a"
          },
          "sensitive_attributes": [],
          "identity_schema_version": 0,
          "private": "eyJlMmJmYjczMC1lY2FhLTExZTYtOGY4OC0zNDM2M2JjN2M0YzAiOnsiY3JlYXRlIjoxODAwMDAwMDAwMDAsImRlbGV0ZSI6MTgwMDAwMDAwMDAwLCJ1cGRhdGUiOjE4MDAwMDAwMDAwMH19",
          "dependencies": [
            "yandex_vpc_network.default"
          ]
        }
      ]
    }
  ],
  "check_results": null
}
